
Microsoft Visual Studio Solution File, Format Version 12.00
# Visual Studio Version 17
VisualStudioVersion = 17.0.31903.59
MinimumVisualStudioVersion = 10.0.40219.1
Project("{FAE04EC0-301F-11D3-BF4B-00C04F79EFBC}") = "helloWorld", "helloWorld\helloWorld.csproj", "{320636C9-D438-43EB-BC01-0C882CC2BCB0}"
EndProject
Global
	GlobalSection(SolutionConfigurationPlatforms) = preSolution
		Debug|Any CPU = Debug|Any CPU
		Release|Any CPU = Release|Any CPU
	EndGlobalSection
	GlobalSection(SolutionProperties) = preSolution
		HideSolutionNode = FALSE
	EndGlobalSection
	GlobalSection(ProjectConfigurationPlatforms) = postSolution
		{7E862414-4818-44B2-A5C0-5DE9E0D32324}.Debug|Any CPU.ActiveCfg = Debug|Any CPU
		{7E862414-4818-44B2-A5C0-5DE9E0D32324}.Debug|Any CPU.Build.0 = Debug|Any CPU
		{7E862414-4818-44B2-A5C0-5DE9E0D32324}.Release|Any CPU.ActiveCfg = Release|Any CPU
		{7E862414-4818-44B2-A5C0-5DE9E0D32324}.Release|Any CPU.Build.0 = Release|Any CPU
		{320636C9-D438-43EB-BC01-0C882CC2BCB0}.Debug|Any CPU.ActiveCfg = Debug|Any CPU
		{320636C9-D438-43EB-BC01-0C882CC2BCB0}.Debug|Any CPU.Build.0 = Debug|Any CPU
		{320636C9-D438-43EB-BC01-0C882CC2BCB0}.Release|Any CPU.ActiveCfg = Release|Any CPU
		{320636C9-D438-43EB-BC01-0C882CC2BCB0}.Release|Any CPU.Build.0 = Release|Any CPU
	EndGlobalSection
EndGlobal
